
Microsoft Visual Studio Solution File, Format Version 12.00
Project("{FAE04EC0-301F-11D3-BF4B-00C04F79EFBC}") = "Tutorial4", "Tutorial4\Tutorial4.csproj", "{9484C72C-1088-4EE2-A747-4A1A3D6C6070}"
EndProject
Global
	GlobalSection(SolutionConfigurationPlatforms) = preSolution
		Debug|Any CPU = Debug|Any CPU
		Release|Any CPU = Release|Any CPU
	EndGlobalSection
	GlobalSection(ProjectConfigurationPlatforms) = postSolution
		{9484C72C-1088-4EE2-A747-4A1A3D6C6070}.Debug|Any CPU.ActiveCfg = Debug|Any CPU
		{9484C72C-1088-4EE2-A747-4A1A3D6C6070}.Debug|Any CPU.Build.0 = Debug|Any CPU
		{9484C72C-1088-4EE2-A747-4A1A3D6C6070}.Release|Any CPU.ActiveCfg = Release|Any CPU
		{9484C72C-1088-4EE2-A747-4A1A3D6C6070}.Release|Any CPU.Build.0 = Release|Any CPU
	EndGlobalSection
EndGlobal
